
Microsoft Visual Studio Solution File, Format Version 12.00
# Visual Studio Version 17
VisualStudioVersion = 17.0.32014.148
MinimumVisualStudioVersion = 10.0.40219.1
Project("{9A19103F-16F7-4668-BE54-9A1E7A4F7556}") = "ViolaTricolor", "ViolaTricolor\ViolaTricolor.csproj", "{CE676EA4-3944-4BF9-837C-CB7D99AE182D}"
EndProject
Global
	GlobalSection(SolutionConfigurationPlatforms) = preSolution
		Debug|Any CPU = Debug|Any CPU
		Release|Any CPU = Release|Any CPU
	EndGlobalSection
	GlobalSection(ProjectConfigurationPlatforms) = postSolution
		{CE676EA4-3944-4BF9-837C-CB7D99AE182D}.Debug|Any CPU.ActiveCfg = Debug|Any CPU
		{CE676EA4-3944-4BF9-837C-CB7D99AE182D}.Debug|Any CPU.Build.0 = Debug|Any CPU
		{CE676EA4-3944-4BF9-837C-CB7D99AE182D}.Release|Any CPU.ActiveCfg = Release|Any CPU
		{CE676EA4-3944-4BF9-837C-CB7D99AE182D}.Release|Any CPU.Build.0 = Release|Any CPU
	EndGlobalSection
	GlobalSection(SolutionProperties) = preSolution
		HideSolutionNode = FALSE
	EndGlobalSection
	GlobalSection(ExtensibilityGlobals) = postSolution
		SolutionGuid = {31927939-8D4C-4233-81EB-2A677F110DB1}
	EndGlobalSection
EndGlobal
